// !$*UTF8*$!
{
	archiveVersion = 1;
	classes = {
	};
	objectVersion = 51;
	objects = {

/* Begin PBXBuildFile section */
		1482A09E953D8D01E9C89BCF /* Pods_TableViewTaskTests.framework in Frameworks */ = {isa = PBXBuildFile; fileRef = 24409B53D902728F0212971D /* Pods_TableViewTaskTests.framework */; };
		394283A03ADEDD0E9CB56067 /* Pods_TableViewTask.framework in Frameworks */ = {isa = PBXBuildFile; fileRef = 84CF4BE60AB62D933E3B0B37 /* Pods_TableViewTask.framework */; };
		7D456EDD24F2A667002E1299 /* ProductViewModel.swift in Sources */ = {isa = PBXBuildFile; fileRef = 7D456ED624F2A667002E1299 /* ProductViewModel.swift */; };
		7D456EDE24F2A667002E1299 /* WebService.swift in Sources */ = {isa = PBXBuildFile; fileRef = 7D456ED824F2A667002E1299 /* WebService.swift */; };
		7D456EDF24F2A667002E1299 /* ProductAPIError.swift in Sources */ = {isa = PBXBuildFile; fileRef = 7D456EDA24F2A667002E1299 /* ProductAPIError.swift */; };
		7D456EE024F2A667002E1299 /* ProductConstant.swift in Sources */ = {isa = PBXBuildFile; fileRef = 7D456EDB24F2A667002E1299 /* ProductConstant.swift */; };
		7D456EE124F2A667002E1299 /* Product.swift in Sources */ = {isa = PBXBuildFile; fileRef = 7D456EDC24F2A667002E1299 /* Product.swift */; };
		7D456EE424F2A6B7002E1299 /* ProductCell.swift in Sources */ = {isa = PBXBuildFile; fileRef = 7D456EE324F2A6B7002E1299 /* ProductCell.swift */; };
		7D456EE724F2A82F002E1299 /* Extensions.swift in Sources */ = {isa = PBXBuildFile; fileRef = 7D456EE624F2A82E002E1299 /* Extensions.swift */; };
		7D456EEA24F2A839002E1299 /* FontSize.swift in Sources */ = {isa = PBXBuildFile; fileRef = 7D456EE924F2A839002E1299 /* FontSize.swift */; };
		7D456EF224F2A841002E1299 /* Roboto-Medium.ttf in Resources */ = {isa = PBXBuildFile; fileRef = 7D456EED24F2A841002E1299 /* Roboto-Medium.ttf */; };
		7D456EF324F2A841002E1299 /* Roboto-Light.ttf in Resources */ = {isa = PBXBuildFile; fileRef = 7D456EEE24F2A841002E1299 /* Roboto-Light.ttf */; };
		7D456EF424F2A841002E1299 /* Roboto-Regular.ttf in Resources */ = {isa = PBXBuildFile; fileRef = 7D456EEF24F2A841002E1299 /* Roboto-Regular.ttf */; };
		7D456EF524F2A841002E1299 /* Roboto-Bold.ttf in Resources */ = {isa = PBXBuildFile; fileRef = 7D456EF024F2A841002E1299 /* Roboto-Bold.ttf */; };
		7D456EF624F2A841002E1299 /* Roboto-Black.ttf in Resources */ = {isa = PBXBuildFile; fileRef = 7D456EF124F2A841002E1299 /* Roboto-Black.ttf */; };
		7D456EF924F2A853002E1299 /* IndicatorView.swift in Sources */ = {isa = PBXBuildFile; fileRef = 7D456EF824F2A853002E1299 /* IndicatorView.swift */; };
		7D456EFF24F2CF3B002E1299 /* MockURLProtocol.swift in Sources */ = {isa = PBXBuildFile; fileRef = 7D456EFB24F2CF3B002E1299 /* MockURLProtocol.swift */; };
		7D456F0024F2CF3B002E1299 /* MockProductWebService.swift in Sources */ = {isa = PBXBuildFile; fileRef = 7D456EFC24F2CF3B002E1299 /* MockProductWebService.swift */; };
		7D456F0124F2CF3B002E1299 /* ProductWebServiceTest.swift in Sources */ = {isa = PBXBuildFile; fileRef = 7D456EFE24F2CF3B002E1299 /* ProductWebServiceTest.swift */; };
		7DAE20DB24F28EAD00EC29CC /* AppDelegate.swift in Sources */ = {isa = PBXBuildFile; fileRef = 7DAE20DA24F28EAD00EC29CC /* AppDelegate.swift */; };
		7DAE20DF24F28EAD00EC29CC /* ViewController.swift in Sources */ = {isa = PBXBuildFile; fileRef = 7DAE20DE24F28EAD00EC29CC /* ViewController.swift */; };
		7DAE20E424F28EB100EC29CC /* Assets.xcassets in Resources */ = {isa = PBXBuildFile; fileRef = 7DAE20E324F28EB100EC29CC /* Assets.xcassets */; };
		7DAE20E724F28EB100EC29CC /* LaunchScreen.storyboard in Resources */ = {isa = PBXBuildFile; fileRef = 7DAE20E524F28EB100EC29CC /* LaunchScreen.storyboard */; };
/* End PBXBuildFile section */

/* Begin PBXContainerItemProxy section */
		7DAE20EE24F28EB100EC29CC /* PBXContainerItemProxy */ = {
			isa = PBXContainerItemProxy;
			containerPortal = 7DAE20CF24F28EAD00EC29CC /* Project object */;
			proxyType = 1;
			remoteGlobalIDString = 7DAE20D624F28EAD00EC29CC;
			remoteInfo = TableViewTask;
		};
/* End PBXContainerItemProxy section */

/* Begin PBXFileReference section */
		24409B53D902728F0212971D /* Pods_TableViewTaskTests.framework */ = {isa = PBXFileReference; explicitFileType = wrapper.framework; includeInIndex = 0; path = Pods_TableViewTaskTests.framework; sourceTree = BUILT_PRODUCTS_DIR; };
		56A46DCED559DE4EA96360D0 /* Pods-TableViewTask.debug.xcconfig */ = {isa = PBXFileReference; includeInIndex = 1; lastKnownFileType = text.xcconfig; name = "Pods-TableViewTask.debug.xcconfig"; path = "Target Support Files/Pods-TableViewTask/Pods-TableViewTask.debug.xcconfig"; sourceTree = "<group>"; };
		7D456ED624F2A667002E1299 /* ProductViewModel.swift */ = {isa = PBXFileReference; fileEncoding = 4; lastKnownFileType = sourcecode.swift; path = ProductViewModel.swift; sourceTree = "<group>"; };
		7D456ED824F2A667002E1299 /* WebService.swift */ = {isa = PBXFileReference; fileEncoding = 4; lastKnownFileType = sourcecode.swift; path = WebService.swift; sourceTree = "<group>"; };
		7D456EDA24F2A667002E1299 /* ProductAPIError.swift */ = {isa = PBXFileReference; fileEncoding = 4; lastKnownFileType = sourcecode.swift; path = ProductAPIError.swift; sourceTree = "<group>"; };
		7D456EDB24F2A667002E1299 /* ProductConstant.swift */ = {isa = PBXFileReference; fileEncoding = 4; lastKnownFileType = sourcecode.swift; path = ProductConstant.swift; sourceTree = "<group>"; };
		7D456EDC24F2A667002E1299 /* Product.swift */ = {isa = PBXFileReference; fileEncoding = 4; lastKnownFileType = sourcecode.swift; path = Product.swift; sourceTree = "<group>"; };
		7D456EE324F2A6B7002E1299 /* ProductCell.swift */ = {isa = PBXFileReference; fileEncoding = 4; lastKnownFileType = sourcecode.swift; path = ProductCell.swift; sourceTree = "<group>"; };
		7D456EE624F2A82E002E1299 /* Extensions.swift */ = {isa = PBXFileReference; fileEncoding = 4; lastKnownFileType = sourcecode.swift; path = Extensions.swift; sourceTree = "<group>"; };
		7D456EE924F2A839002E1299 /* FontSize.swift */ = {isa = PBXFileReference; fileEncoding = 4; lastKnownFileType = sourcecode.swift; path = FontSize.swift; sourceTree = "<group>"; };
		7D456EED24F2A841002E1299 /* Roboto-Medium.ttf */ = {isa = PBXFileReference; lastKnownFileType = file; path = "Roboto-Medium.ttf"; sourceTree = "<group>"; };
		7D456EEE24F2A841002E1299 /* Roboto-Light.ttf */ = {isa = PBXFileReference; lastKnownFileType = file; path = "Roboto-Light.ttf"; sourceTree = "<group>"; };
		7D456EEF24F2A841002E1299 /* Roboto-Regular.ttf */ = {isa = PBXFileReference; lastKnownFileType = file; path = "Roboto-Regular.ttf"; sourceTree = "<group>"; };
		7D456EF024F2A841002E1299 /* Roboto-Bold.ttf */ = {isa = PBXFileReference; lastKnownFileType = file; path = "Roboto-Bold.ttf"; sourceTree = "<group>"; };
		7D456EF124F2A841002E1299 /* Roboto-Black.ttf */ = {isa = PBXFileReference; lastKnownFileType = file; path = "Roboto-Black.ttf"; sourceTree = "<group>"; };
		7D456EF824F2A853002E1299 /* IndicatorView.swift */ = {isa = PBXFileReference; fileEncoding = 4; lastKnownFileType = sourcecode.swift; path = IndicatorView.swift; sourceTree = "<group>"; };
		7D456EFB24F2CF3B002E1299 /* MockURLProtocol.swift */ = {isa = PBXFileReference; fileEncoding = 4; lastKnownFileType = sourcecode.swift; path = MockURLProtocol.swift; sourceTree = "<group>"; };
		7D456EFC24F2CF3B002E1299 /* MockProductWebService.swift */ = {isa = PBXFileReference; fileEncoding = 4; lastKnownFileType = sourcecode.swift; path = MockProductWebService.swift; sourceTree = "<group>"; };
		7D456EFE24F2CF3B002E1299 /* ProductWebServiceTest.swift */ = {isa = PBXFileReference; fileEncoding = 4; lastKnownFileType = sourcecode.swift; path = ProductWebServiceTest.swift; sourceTree = "<group>"; };
		7DAE20D724F28EAD00EC29CC /* TableViewTask.app */ = {isa = PBXFileReference; explicitFileType = wrapper.application; includeInIndex = 0; path = TableViewTask.app; sourceTree = BUILT_PRODUCTS_DIR; };
		7DAE20DA24F28EAD00EC29CC /* AppDelegate.swift */ = {isa = PBXFileReference; lastKnownFileType = sourcecode.swift; path = AppDelegate.swift; sourceTree = "<group>"; };
		7DAE20DE24F28EAD00EC29CC /* ViewController.swift */ = {isa = PBXFileReference; lastKnownFileType = sourcecode.swift; path = ViewController.swift; sourceTree = "<group>"; };
		7DAE20E324F28EB100EC29CC /* Assets.xcassets */ = {isa = PBXFileReference; lastKnownFileType = folder.assetcatalog; path = Assets.xcassets; sourceTree = "<group>"; };
		7DAE20E624F28EB100EC29CC /* Base */ = {isa = PBXFileReference; lastKnownFileType = file.storyboard; name = Base; path = Base.lproj/LaunchScreen.storyboard; sourceTree = "<group>"; };
		7DAE20E824F28EB100EC29CC /* Info.plist */ = {isa = PBXFileReference; lastKnownFileType = text.plist.xml; path = Info.plist; sourceTree = "<group>"; };
		7DAE20ED24F28EB100EC29CC /* TableViewTaskTests.xctest */ = {isa = PBXFileReference; explicitFileType = wrapper.cfbundle; includeInIndex = 0; path = TableViewTaskTests.xctest; sourceTree = BUILT_PRODUCTS_DIR; };
		7DAE20F324F28EB100EC29CC /* Info.plist */ = {isa = PBXFileReference; lastKnownFileType = text.plist.xml; path = Info.plist; sourceTree = "<group>"; };
		84CF4BE60AB62D933E3B0B37 /* Pods_TableViewTask.framework */ = {isa = PBXFileReference; explicitFileType = wrapper.framework; includeInIndex = 0; path = Pods_TableViewTask.framework; sourceTree = BUILT_PRODUCTS_DIR; };
		864A2C5BFA4884EDBAB69E47 /* Pods-TableViewTaskTests.release.xcconfig */ = {isa = PBXFileReference; includeInIndex = 1; lastKnownFileType = text.xcconfig; name = "Pods-TableViewTaskTests.release.xcconfig"; path = "Target Support Files/Pods-TableViewTaskTests/Pods-TableViewTaskTests.release.xcconfig"; sourceTree = "<group>"; };
		CB9129A22A7A1CC36027ADC1 /* Pods-TableViewTask.release.xcconfig */ = {isa = PBXFileReference; includeInIndex = 1; lastKnownFileType = text.xcconfig; name = "Pods-TableViewTask.release.xcconfig"; path = "Target Support Files/Pods-TableViewTask/Pods-TableViewTask.release.xcconfig"; sourceTree = "<group>"; };
		FD7AD5CD6C36C3A4B3DE2577 /* Pods-TableViewTaskTests.debug.xcconfig */ = {isa = PBXFileReference; includeInIndex = 1; lastKnownFileType = text.xcconfig; name = "Pods-TableViewTaskTests.debug.xcconfig"; path = "Target Support Files/Pods-TableViewTaskTests/Pods-TableViewTaskTests.debug.xcconfig"; sourceTree = "<group>"; };
/* End PBXFileReference section */

/* Begin PBXFrameworksBuildPhase section */
		7DAE20D424F28EAD00EC29CC /* Frameworks */ = {
			isa = PBXFrameworksBuildPhase;
			buildActionMask = 2147483647;
			files = (
				394283A03ADEDD0E9CB56067 /* Pods_TableViewTask.framework in Frameworks */,
			);
			runOnlyForDeploymentPostprocessing = 0;
		};
		7DAE20EA24F28EB100EC29CC /* Frameworks */ = {
			isa = PBXFrameworksBuildPhase;
			buildActionMask = 2147483647;
			files = (
				1482A09E953D8D01E9C89BCF /* Pods_TableViewTaskTests.framework in Frameworks */,
			);
			runOnlyForDeploymentPostprocessing = 0;
		};
/* End PBXFrameworksBuildPhase section */

/* Begin PBXGroup section */
		7D456ED424F2A60F002E1299 /* UI */ = {
			isa = PBXGroup;
			children = (
				7D456EF724F2A853002E1299 /* Views */,
				7D456EE224F2A6B7002E1299 /* Cell */,
				7DAE20DE24F28EAD00EC29CC /* ViewController.swift */,
			);
			path = UI;
			sourceTree = "<group>";
		};
		7D456ED524F2A667002E1299 /* ViewModel */ = {
			isa = PBXGroup;
			children = (
				7D456ED624F2A667002E1299 /* ProductViewModel.swift */,
			);
			path = ViewModel;
			sourceTree = "<group>";
		};
		7D456ED724F2A667002E1299 /* Network */ = {
			isa = PBXGroup;
			children = (
				7D456ED824F2A667002E1299 /* WebService.swift */,
			);
			path = Network;
			sourceTree = "<group>";
		};
		7D456ED924F2A667002E1299 /* Model */ = {
			isa = PBXGroup;
			children = (
				7D456EDA24F2A667002E1299 /* ProductAPIError.swift */,
				7D456EDB24F2A667002E1299 /* ProductConstant.swift */,
				7D456EDC24F2A667002E1299 /* Product.swift */,
			);
			path = Model;
			sourceTree = "<group>";
		};
		7D456EE224F2A6B7002E1299 /* Cell */ = {
			isa = PBXGroup;
			children = (
				7D456EE324F2A6B7002E1299 /* ProductCell.swift */,
			);
			path = Cell;
			sourceTree = "<group>";
		};
		7D456EE524F2A82E002E1299 /* Extensions */ = {
			isa = PBXGroup;
			children = (
				7D456EE624F2A82E002E1299 /* Extensions.swift */,
			);
			path = Extensions;
			sourceTree = "<group>";
		};
		7D456EE824F2A839002E1299 /* Enum */ = {
			isa = PBXGroup;
			children = (
				7D456EE924F2A839002E1299 /* FontSize.swift */,
			);
			path = Enum;
			sourceTree = "<group>";
		};
		7D456EEB24F2A841002E1299 /* Resources */ = {
			isa = PBXGroup;
			children = (
				7D456EEC24F2A841002E1299 /* Fonts */,
			);
			path = Resources;
			sourceTree = "<group>";
		};
		7D456EEC24F2A841002E1299 /* Fonts */ = {
			isa = PBXGroup;
			children = (
				7D456EED24F2A841002E1299 /* Roboto-Medium.ttf */,
				7D456EEE24F2A841002E1299 /* Roboto-Light.ttf */,
				7D456EEF24F2A841002E1299 /* Roboto-Regular.ttf */,
				7D456EF024F2A841002E1299 /* Roboto-Bold.ttf */,
				7D456EF124F2A841002E1299 /* Roboto-Black.ttf */,
			);
			path = Fonts;
			sourceTree = "<group>";
		};
		7D456EF724F2A853002E1299 /* Views */ = {
			isa = PBXGroup;
			children = (
				7D456EF824F2A853002E1299 /* IndicatorView.swift */,
			);
			path = Views;
			sourceTree = "<group>";
		};
		7D456EFA24F2CF3B002E1299 /* Mock */ = {
			isa = PBXGroup;
			children = (
				7D456EFB24F2CF3B002E1299 /* MockURLProtocol.swift */,
				7D456EFC24F2CF3B002E1299 /* MockProductWebService.swift */,
			);
			path = Mock;
			sourceTree = "<group>";
		};
		7D456EFD24F2CF3B002E1299 /* Network */ = {
			isa = PBXGroup;
			children = (
				7D456EFE24F2CF3B002E1299 /* ProductWebServiceTest.swift */,
			);
			path = Network;
			sourceTree = "<group>";
		};
		7DAE20CE24F28EAD00EC29CC = {
			isa = PBXGroup;
			children = (
				7DAE20D924F28EAD00EC29CC /* TableViewTask */,
				7DAE20F024F28EB100EC29CC /* TableViewTaskTests */,
				7DAE20D824F28EAD00EC29CC /* Products */,
				E1F2E7C0911437BDB74BD34A /* Pods */,
				EE99EE15BE5EC9D217BDB376 /* Frameworks */,
			);
			sourceTree = "<group>";
		};
		7DAE20D824F28EAD00EC29CC /* Products */ = {
			isa = PBXGroup;
			children = (
				7DAE20D724F28EAD00EC29CC /* TableViewTask.app */,
				7DAE20ED24F28EB100EC29CC /* TableViewTaskTests.xctest */,
			);
			name = Products;
			sourceTree = "<group>";
		};
		7DAE20D924F28EAD00EC29CC /* TableViewTask */ = {
			isa = PBXGroup;
			children = (
				7DAE20DA24F28EAD00EC29CC /* AppDelegate.swift */,
				7D456EEB24F2A841002E1299 /* Resources */,
				7D456EE824F2A839002E1299 /* Enum */,
				7D456EE524F2A82E002E1299 /* Extensions */,
				7D456ED924F2A667002E1299 /* Model */,
				7D456ED724F2A667002E1299 /* Network */,
				7D456ED524F2A667002E1299 /* ViewModel */,
				7D456ED424F2A60F002E1299 /* UI */,
				7DAE20E324F28EB100EC29CC /* Assets.xcassets */,
				7DAE20E524F28EB100EC29CC /* LaunchScreen.storyboard */,
				7DAE20E824F28EB100EC29CC /* Info.plist */,
			);
			path = TableViewTask;
			sourceTree = "<group>";
		};
		7DAE20F024F28EB100EC29CC /* TableViewTaskTests */ = {
			isa = PBXGroup;
			children = (
				7D456EFA24F2CF3B002E1299 /* Mock */,
				7D456EFD24F2CF3B002E1299 /* Network */,
				7DAE20F324F28EB100EC29CC /* Info.plist */,
			);
			path = TableViewTaskTests;
			sourceTree = "<group>";
		};
		E1F2E7C0911437BDB74BD34A /* Pods */ = {
			isa = PBXGroup;
			children = (
				56A46DCED559DE4EA96360D0 /* Pods-TableViewTask.debug.xcconfig */,
				CB9129A22A7A1CC36027ADC1 /* Pods-TableViewTask.release.xcconfig */,
				FD7AD5CD6C36C3A4B3DE2577 /* Pods-TableViewTaskTests.debug.xcconfig */,
				864A2C5BFA4884EDBAB69E47 /* Pods-TableViewTaskTests.release.xcconfig */,
			);
			path = Pods;
			sourceTree = "<group>";
		};
		EE99EE15BE5EC9D217BDB376 /* Frameworks */ = {
			isa = PBXGroup;
			children = (
				84CF4BE60AB62D933E3B0B37 /* Pods_TableViewTask.framework */,
				24409B53D902728F0212971D /* Pods_TableViewTaskTests.framework */,
			);
			name = Frameworks;
			sourceTree = "<group>";
		};
/* End PBXGroup section */

/* Begin PBXNativeTarget section */
		7DAE20D624F28EAD00EC29CC /* TableViewTask */ = {
			isa = PBXNativeTarget;
			buildConfigurationList = 7DAE20F624F28EB100EC29CC /* Build configuration list for PBXNativeTarget "TableViewTask" */;
			buildPhases = (
				F0A4BB63BF8F86E48D962058 /* [CP] Check Pods Manifest.lock */,
				7DAE20D324F28EAD00EC29CC /* Sources */,
				7DAE20D424F28EAD00EC29CC /* Frameworks */,
				7DAE20D524F28EAD00EC29CC /* Resources */,
				154C0995C11016CB36AF85B3 /* [CP] Embed Pods Frameworks */,
			);
			buildRules = (
			);
			dependencies = (
			);
			name = TableViewTask;
			productName = TableViewTask;
			productReference = 7DAE20D724F28EAD00EC29CC /* TableViewTask.app */;
			productType = "com.apple.product-type.application";
		};
		7DAE20EC24F28EB100EC29CC /* TableViewTaskTests */ = {
			isa = PBXNativeTarget;
			buildConfigurationList = 7DAE20F924F28EB100EC29CC /* Build configuration list for PBXNativeTarget "TableViewTaskTests" */;
			buildPhases = (
				0360E7A4453161C44EB59695 /* [CP] Check Pods Manifest.lock */,
				7DAE20E924F28EB100EC29CC /* Sources */,
				7DAE20EA24F28EB100EC29CC /* Frameworks */,
				7DAE20EB24F28EB100EC29CC /* Resources */,
			);
			buildRules = (
			);
			dependencies = (
				7DAE20EF24F28EB100EC29CC /* PBXTargetDependency */,
			);
			name = TableViewTaskTests;
			productName = TableViewTaskTests;
			productReference = 7DAE20ED24F28EB100EC29CC /* TableViewTaskTests.xctest */;
			productType = "com.apple.product-type.bundle.unit-test";
		};
/* End PBXNativeTarget section */

/* Begin PBXProject section */
		7DAE20CF24F28EAD00EC29CC /* Project object */ = {
			isa = PBXProject;
			attributes = {
				LastSwiftUpdateCheck = 1150;
				LastUpgradeCheck = 1150;
				ORGANIZATIONNAME = "iOS developer";
				TargetAttributes = {
					7DAE20D624F28EAD00EC29CC = {
						CreatedOnToolsVersion = 11.5;
					};
					7DAE20EC24F28EB100EC29CC = {
						CreatedOnToolsVersion = 11.5;
						TestTargetID = 7DAE20D624F28EAD00EC29CC;
					};
				};
			};
			buildConfigurationList = 7DAE20D224F28EAD00EC29CC /* Build configuration list for PBXProject "TableViewTask" */;
			compatibilityVersion = "Xcode 9.3";
			developmentRegion = en;
			hasScannedForEncodings = 0;
			knownRegions = (
				en,
				Base,
			);
			mainGroup = 7DAE20CE24F28EAD00EC29CC;
			productRefGroup = 7DAE20D824F28EAD00EC29CC /* Products */;
			projectDirPath = "";
			projectRoot = "";
			targets = (
				7DAE20D624F28EAD00EC29CC /* TableViewTask */,
				7DAE20EC24F28EB100EC29CC /* TableViewTaskTests */,
			);
		};
/* End PBXProject section */

/* Begin PBXResourcesBuildPhase section */
		7DAE20D524F28EAD00EC29CC /* Resources */ = {
			isa = PBXResourcesBuildPhase;
			buildActionMask = 2147483647;
			files = (
				7DAE20E724F28EB100EC29CC /* LaunchScreen.storyboard in Resources */,
				7DAE20E424F28EB100EC29CC /* Assets.xcassets in Resources */,
				7D456EF524F2A841002E1299 /* Roboto-Bold.ttf in Resources */,
				7D456EF424F2A841002E1299 /* Roboto-Regular.ttf in Resources */,
				7D456EF624F2A841002E1299 /* Roboto-Black.ttf in Resources */,
				7D456EF324F2A841002E1299 /* Roboto-Light.ttf in Resources */,
				7D456EF224F2A841002E1299 /* Roboto-Medium.ttf in Resources */,
			);
			runOnlyForDeploymentPostprocessing = 0;
		};
		7DAE20EB24F28EB100EC29CC /* Resources */ = {
			isa = PBXResourcesBuildPhase;
			buildActionMask = 2147483647;
			files = (
			);
			runOnlyForDeploymentPostprocessing = 0;
		};
/* End PBXResourcesBuildPhase section */

/* Begin PBXShellScriptBuildPhase section */
		0360E7A4453161C44EB59695 /* [CP] Check Pods Manifest.lock */ = {
			isa = PBXShellScriptBuildPhase;
			buildActionMask = 2147483647;
			files = (
			);
			inputFileListPaths = (
			);
			inputPaths = (
				"${PODS_PODFILE_DIR_PATH}/Podfile.lock",
				"${PODS_ROOT}/Manifest.lock",
			);
			name = "[CP] Check Pods Manifest.lock";
			outputFileListPaths = (
			);
			outputPaths = (
				"$(DERIVED_FILE_DIR)/Pods-TableViewTaskTests-checkManifestLockResult.txt",
			);
			runOnlyForDeploymentPostprocessing = 0;
			shellPath = /bin/sh;
			shellScript = "diff \"${PODS_PODFILE_DIR_PATH}/Podfile.lock\" \"${PODS_ROOT}/Manifest.lock\" > /dev/null\nif [ $? != 0 ] ; then\n    # print error to STDERR\n    echo \"error: The sandbox is not in sync with the Podfile.lock. Run 'pod install' or update your CocoaPods installation.\" >&2\n    exit 1\nfi\n# This output is used by Xcode 'outputs' to avoid re-running this script phase.\necho \"SUCCESS\" > \"${SCRIPT_OUTPUT_FILE_0}\"\n";
			showEnvVarsInLog = 0;
		};
		154C0995C11016CB36AF85B3 /* [CP] Embed Pods Frameworks */ = {
			isa = PBXShellScriptBuildPhase;
			buildActionMask = 2147483647;
			files = (
			);
			inputFileListPaths = (
				"${PODS_ROOT}/Target Support Files/Pods-TableViewTask/Pods-TableViewTask-frameworks-${CONFIGURATION}-input-files.xcfilelist",
			);
			name = "[CP] Embed Pods Frameworks";
			outputFileListPaths = (
				"${PODS_ROOT}/Target Support Files/Pods-TableViewTask/Pods-TableViewTask-frameworks-${CONFIGURATION}-output-files.xcfilelist",
			);
			runOnlyForDeploymentPostprocessing = 0;
			shellPath = /bin/sh;
			shellScript = "\"${PODS_ROOT}/Target Support Files/Pods-TableViewTask/Pods-TableViewTask-frameworks.sh\"\n";
			showEnvVarsInLog = 0;
		};
		F0A4BB63BF8F86E48D962058 /* [CP] Check Pods Manifest.lock */ = {
			isa = PBXShellScriptBuildPhase;
			buildActionMask = 2147483647;
			files = (
			);
			inputFileListPaths = (
			);
			inputPaths = (
				"${PODS_PODFILE_DIR_PATH}/Podfile.lock",
				"${PODS_ROOT}/Manifest.lock",
			);
			name = "[CP] Check Pods Manifest.lock";
			outputFileListPaths = (
			);
			outputPaths = (
				"$(DERIVED_FILE_DIR)/Pods-TableViewTask-checkManifestLockResult.txt",
			);
			runOnlyForDeploymentPostprocessing = 0;
			shellPath = /bin/sh;
			shellScript = "diff \"${PODS_PODFILE_DIR_PATH}/Podfile.lock\" \"${PODS_ROOT}/Manifest.lock\" > /dev/null\nif [ $? != 0 ] ; then\n    # print error to STDERR\n    echo \"error: The sandbox is not in sync with the Podfile.lock. Run 'pod install' or update your CocoaPods installation.\" >&2\n    exit 1\nfi\n# This output is used by Xcode 'outputs' to avoid re-running this script phase.\necho \"SUCCESS\" > \"${SCRIPT_OUTPUT_FILE_0}\"\n";
			showEnvVarsInLog = 0;
		};
/* End PBXShellScriptBuildPhase section */

/* Begin PBXSourcesBuildPhase section */
		7DAE20D324F28EAD00EC29CC /* Sources */ = {
			isa = PBXSourcesBuildPhase;
			buildActionMask = 2147483647;
			files = (
				7DAE20DF24F28EAD00EC29CC /* ViewController.swift in Sources */,
				7D456EEA24F2A839002E1299 /* FontSize.swift in Sources */,
				7D456EE724F2A82F002E1299 /* Extensions.swift in Sources */,
				7DAE20DB24F28EAD00EC29CC /* AppDelegate.swift in Sources */,
				7D456EF924F2A853002E1299 /* IndicatorView.swift in Sources */,
				7D456EDF24F2A667002E1299 /* ProductAPIError.swift in Sources */,
				7D456EE024F2A667002E1299 /* ProductConstant.swift in Sources */,
				7D456EDE24F2A667002E1299 /* WebService.swift in Sources */,
				7D456EE424F2A6B7002E1299 /* ProductCell.swift in Sources */,
				7D456EDD24F2A667002E1299 /* ProductViewModel.swift in Sources */,
				7D456EE124F2A667002E1299 /* Product.swift in Sources */,
			);
			runOnlyForDeploymentPostprocessing = 0;
		};
		7DAE20E924F28EB100EC29CC /* Sources */ = {
			isa = PBXSourcesBuildPhase;
			buildActionMask = 2147483647;
			files = (
				7D456F0024F2CF3B002E1299 /* MockProductWebService.swift in Sources */,
				7D456F0124F2CF3B002E1299 /* ProductWebServiceTest.swift in Sources */,
				7D456EFF24F2CF3B002E1299 /* MockURLProtocol.swift in Sources */,
			);
			runOnlyForDeploymentPostprocessing = 0;
		};
/* End PBXSourcesBuildPhase section */

/* Begin PBXTargetDependency section */
		7DAE20EF24F28EB100EC29CC /* PBXTargetDependency */ = {
			isa = PBXTargetDependency;
			target = 7DAE20D624F28EAD00EC29CC /* TableViewTask */;
			targetProxy = 7DAE20EE24F28EB100EC29CC /* PBXContainerItemProxy */;
		};
/* End PBXTargetDependency section */

/* Begin PBXVariantGroup section */
		7DAE20E524F28EB100EC29CC /* LaunchScreen.storyboard */ = {
			isa = PBXVariantGroup;
			children = (
				7DAE20E624F28EB100EC29CC /* Base */,
			);
			name = LaunchScreen.storyboard;
			sourceTree = "<group>";
		};
/* End PBXVariantGroup section */

/* Begin XCBuildConfiguration section */
		7DAE20F424F28EB100EC29CC /* Debug */ = {
			isa = XCBuildConfiguration;
			buildSettings = {
				ALWAYS_SEARCH_USER_PATHS = NO;
				CLANG_ANALYZER_NONNULL = YES;
				CLANG_ANALYZER_NUMBER_OBJECT_CONVERSION = YES_AGGRESSIVE;
				CLANG_CXX_LANGUAGE_STANDARD = "gnu++14";
				CLANG_CXX_LIBRARY = "libc++";
				CLANG_ENABLE_MODULES = YES;
				CLANG_ENABLE_OBJC_ARC = YES;
				CLANG_ENABLE_OBJC_WEAK = YES;
				CLANG_WARN_BLOCK_CAPTURE_AUTORELEASING = YES;
				CLANG_WARN_BOOL_CONVERSION = YES;
				CLANG_WARN_COMMA = YES;
				CLANG_WARN_CONSTANT_CONVERSION = YES;
				CLANG_WARN_DEPRECATED_OBJC_IMPLEMENTATIONS = YES;
				CLANG_WARN_DIRECT_OBJC_ISA_USAGE = YES_ERROR;
				CLANG_WARN_DOCUMENTATION_COMMENTS = YES;
				CLANG_WARN_EMPTY_BODY = YES;
				CLANG_WARN_ENUM_CONVERSION = YES;
				CLANG_WARN_INFINITE_RECURSION = YES;
				CLANG_WARN_INT_CONVERSION = YES;
				CLANG_WARN_NON_LITERAL_NULL_CONVERSION = YES;
				CLANG_WARN_OBJC_IMPLICIT_RETAIN_SELF = YES;
				CLANG_WARN_OBJC_LITERAL_CONVERSION = YES;
				CLANG_WARN_OBJC_ROOT_CLASS = YES_ERROR;
				CLANG_WARN_RANGE_LOOP_ANALYSIS = YES;
				CLANG_WARN_STRICT_PROTOTYPES = YES;
				CLANG_WARN_SUSPICIOUS_MOVE = YES;
				CLANG_WARN_UNGUARDED_AVAILABILITY = YES_AGGRESSIVE;
				CLANG_WARN_UNREACHABLE_CODE = YES;
				CLANG_WARN__DUPLICATE_METHOD_MATCH = YES;
				COPY_PHASE_STRIP = NO;
				DEBUG_INFORMATION_FORMAT = dwarf;
				ENABLE_STRICT_OBJC_MSGSEND = YES;
				ENABLE_TESTABILITY = YES;
				GCC_C_LANGUAGE_STANDARD = gnu11;
				GCC_DYNAMIC_NO_PIC = NO;
				GCC_NO_COMMON_BLOCKS = YES;
				GCC_OPTIMIZATION_LEVEL = 0;
				GCC_PREPROCESSOR_DEFINITIONS = (
					"DEBUG=1",
					"$(inherited)",
				);
				GCC_WARN_64_TO_32_BIT_CONVERSION = YES;
				GCC_WARN_ABOUT_RETURN_TYPE = YES_ERROR;
				GCC_WARN_UNDECLARED_SELECTOR = YES;
				GCC_WARN_UNINITIALIZED_AUTOS = YES_AGGRESSIVE;
				GCC_WARN_UNUSED_FUNCTION = YES;
				GCC_WARN_UNUSED_VARIABLE = YES;
				IPHONEOS_DEPLOYMENT_TARGET = 11.0;
				MTL_ENABLE_DEBUG_INFO = INCLUDE_SOURCE;
				MTL_FAST_MATH = YES;
				ONLY_ACTIVE_ARCH = YES;
				SDKROOT = iphoneos;
				SWIFT_ACTIVE_COMPILATION_CONDITIONS = DEBUG;
				SWIFT_OPTIMIZATION_LEVEL = "-Onone";
			};
			name = Debug;
		};
		7DAE20F524F28EB100EC29CC /* Release */ = {
			isa = XCBuildConfiguration;
			buildSettings = {
				ALWAYS_SEARCH_USER_PATHS = NO;
				CLANG_ANALYZER_NONNULL = YES;
				CLANG_ANALYZER_NUMBER_OBJECT_CONVERSION = YES_AGGRESSIVE;
				CLANG_CXX_LANGUAGE_STANDARD = "gnu++14";
				CLANG_CXX_LIBRARY = "libc++";
				CLANG_ENABLE_MODULES = YES;
				CLANG_ENABLE_OBJC_ARC = YES;
				CLANG_ENABLE_OBJC_WEAK = YES;
				CLANG_WARN_BLOCK_CAPTURE_AUTORELEASING = YES;
				CLANG_WARN_BOOL_CONVERSION = YES;
				CLANG_WARN_COMMA = YES;
				CLANG_WARN_CONSTANT_CONVERSION = YES;
				CLANG_WARN_DEPRECATED_OBJC_IMPLEMENTATIONS = YES;
				CLANG_WARN_DIRECT_OBJC_ISA_USAGE = YES_ERROR;
				CLANG_WARN_DOCUMENTATION_COMMENTS = YES;
				CLANG_WARN_EMPTY_BODY = YES;
				CLANG_WARN_ENUM_CONVERSION = YES;
				CLANG_WARN_INFINITE_RECURSION = YES;
				CLANG_WARN_INT_CONVERSION = YES;
				CLANG_WARN_NON_LITERAL_NULL_CONVERSION = YES;
				CLANG_WARN_OBJC_IMPLICIT_RETAIN_SELF = YES;
				CLANG_WARN_OBJC_LITERAL_CONVERSION = YES;
				CLANG_WARN_OBJC_ROOT_CLASS = YES_ERROR;
				CLANG_WARN_RANGE_LOOP_ANALYSIS = YES;
				CLANG_WARN_STRICT_PROTOTYPES = YES;
				CLANG_WARN_SUSPICIOUS_MOVE = YES;
				CLANG_WARN_UNGUARDED_AVAILABILITY = YES_AGGRESSIVE;
				CLANG_WARN_UNREACHABLE_CODE = YES;
				CLANG_WARN__DUPLICATE_METHOD_MATCH = YES;
				COPY_PHASE_STRIP = NO;
				DEBUG_INFORMATION_FORMAT = "dwarf-with-dsym";
				ENABLE_NS_ASSERTIONS = NO;
				ENABLE_STRICT_OBJC_MSGSEND = YES;
				GCC_C_LANGUAGE_STANDARD = gnu11;
				GCC_NO_COMMON_BLOCKS = YES;
				GCC_WARN_64_TO_32_BIT_CONVERSION = YES;
				GCC_WARN_ABOUT_RETURN_TYPE = YES_ERROR;
				GCC_WARN_UNDECLARED_SELECTOR = YES;
				GCC_WARN_UNINITIALIZED_AUTOS = YES_AGGRESSIVE;
				GCC_WARN_UNUSED_FUNCTION = YES;
				GCC_WARN_UNUSED_VARIABLE = YES;
				IPHONEOS_DEPLOYMENT_TARGET = 11.0;
				MTL_ENABLE_DEBUG_INFO = NO;
				MTL_FAST_MATH = YES;
				SDKROOT = iphoneos;
				SWIFT_COMPILATION_MODE = wholemodule;
				SWIFT_OPTIMIZATION_LEVEL = "-O";
				VALIDATE_PRODUCT = YES;
			};
			name = Release;
		};
		7DAE20F724F28EB100EC29CC /* Debug */ = {
			isa = XCBuildConfiguration;
			baseConfigurationReference = 56A46DCED559DE4EA96360D0 /* Pods-TableViewTask.debug.xcconfig */;
			buildSettings = {
				ASSETCATALOG_COMPILER_APPICON_NAME = AppIcon;
				CODE_SIGN_STYLE = Automatic;
				INFOPLIST_FILE = TableViewTask/Info.plist;
				IPHONEOS_DEPLOYMENT_TARGET = 11.0;
				LD_RUNPATH_SEARCH_PATHS = (
					"$(inherited)",
					"@executable_path/Frameworks",
				);
				PRODUCT_BUNDLE_IDENTIFIER = TableViewTask.TableViewTask;
				PRODUCT_NAME = "$(TARGET_NAME)";
				SWIFT_VERSION = 5.0;
				TARGETED_DEVICE_FAMILY = "1,2";
			};
			name = Debug;
		};
		7DAE20F824F28EB100EC29CC /* Release */ = {
			isa = XCBuildConfiguration;
			baseConfigurationReference = CB9129A22A7A1CC36027ADC1 /* Pods-TableViewTask.release.xcconfig */;
			buildSettings = {
				ASSETCATALOG_COMPILER_APPICON_NAME = AppIcon;
				CODE_SIGN_STYLE = Automatic;
				INFOPLIST_FILE = TableViewTask/Info.plist;
				IPHONEOS_DEPLOYMENT_TARGET = 11.0;
				LD_RUNPATH_SEARCH_PATHS = (
					"$(inherited)",
					"@executable_path/Frameworks",
				);
				PRODUCT_BUNDLE_IDENTIFIER = TableViewTask.TableViewTask;
				PRODUCT_NAME = "$(TARGET_NAME)";
				SWIFT_VERSION = 5.0;
				TARGETED_DEVICE_FAMILY = "1,2";
			};
			name = Release;
		};
		7DAE20FA24F28EB100EC29CC /* Debug */ = {
			isa = XCBuildConfiguration;
			baseConfigurationReference = FD7AD5CD6C36C3A4B3DE2577 /* Pods-TableViewTaskTests.debug.xcconfig */;
			buildSettings = {
				ALWAYS_EMBED_SWIFT_STANDARD_LIBRARIES = YES;
				BUNDLE_LOADER = "$(TEST_HOST)";
				CODE_SIGN_STYLE = Automatic;
				INFOPLIST_FILE = TableViewTaskTests/Info.plist;
				IPHONEOS_DEPLOYMENT_TARGET = 11.0;
				LD_RUNPATH_SEARCH_PATHS = (
					"$(inherited)",
					"@executable_path/Frameworks",
					"@loader_path/Frameworks",
				);
				PRODUCT_BUNDLE_IDENTIFIER = TableViewTask.TableViewTaskTests;
				PRODUCT_NAME = "$(TARGET_NAME)";
				SWIFT_VERSION = 5.0;
				TARGETED_DEVICE_FAMILY = "1,2";
				TEST_HOST = "$(BUILT_PRODUCTS_DIR)/TableViewTask.app/TableViewTask";
			};
			name = Debug;
		};
		7DAE20FB24F28EB100EC29CC /* Release */ = {
			isa = XCBuildConfiguration;
			baseConfigurationReference = 864A2C5BFA4884EDBAB69E47 /* Pods-TableViewTaskTests.release.xcconfig */;
			buildSettings = {
				ALWAYS_EMBED_SWIFT_STANDARD_LIBRARIES = YES;
				BUNDLE_LOADER = "$(TEST_HOST)";
				CODE_SIGN_STYLE = Automatic;
				INFOPLIST_FILE = TableViewTaskTests/Info.plist;
				IPHONEOS_DEPLOYMENT_TARGET = 11.0;
				LD_RUNPATH_SEARCH_PATHS = (
					"$(inherited)",
					"@executable_path/Frameworks",
					"@loader_path/Frameworks",
				);
				PRODUCT_BUNDLE_IDENTIFIER = TableViewTask.TableViewTaskTests;
				PRODUCT_NAME = "$(TARGET_NAME)";
				SWIFT_VERSION = 5.0;
				TARGETED_DEVICE_FAMILY = "1,2";
				TEST_HOST = "$(BUILT_PRODUCTS_DIR)/TableViewTask.app/TableViewTask";
			};
			name = Release;
		};
/* End XCBuildConfiguration section */

/* Begin XCConfigurationList section */
		7DAE20D224F28EAD00EC29CC /* Build configuration list for PBXProject "TableViewTask" */ = {
			isa = XCConfigurationList;
			buildConfigurations = (
				7DAE20F424F28EB100EC29CC /* Debug */,
				7DAE20F524F28EB100EC29CC /* Release */,
			);
			defaultConfigurationIsVisible = 0;
			defaultConfigurationName = Release;
		};
		7DAE20F624F28EB100EC29CC /* Build configuration list for PBXNativeTarget "TableViewTask" */ = {
			isa = XCConfigurationList;
			buildConfigurations = (
				7DAE20F724F28EB100EC29CC /* Debug */,
				7DAE20F824F28EB100EC29CC /* Release */,
			);
			defaultConfigurationIsVisible = 0;
			defaultConfigurationName = Release;
		};
		7DAE20F924F28EB100EC29CC /* Build configuration list for PBXNativeTarget "TableViewTaskTests" */ = {
			isa = XCConfigurationList;
			buildConfigurations = (
				7DAE20FA24F28EB100EC29CC /* Debug */,
				7DAE20FB24F28EB100EC29CC /* Release */,
			);
			defaultConfigurationIsVisible = 0;
			defaultConfigurationName = Release;
		};
/* End XCConfigurationList section */
	};
	rootObject = 7DAE20CF24F28EAD00EC29CC /* Project object */;
}
